// !$*UTF8*$!
{
	archiveVersion = 1;
	classes = {
	};
	objectVersion = 77;
	objects = {

/* Begin PBXBuildFile section */
		083027A1394959B4F6AA81BE /* AppIcon.icon in Resources */ = {isa = PBXBuildFile; fileRef = 8B53524E43B6752C3CB29043 /* AppIcon.icon */; };
		2364C83C3A3702025E147576 /* Fleet.swift in Sources */ = {isa = PBXBuildFile; fileRef = 11577105A672148D036E55F3 /* Fleet.swift */; };
		24A078877D76CE9EFBF22844 /* SessionView.swift in Sources */ = {isa = PBXBuildFile; fileRef = 4037D28DBBC954D604FA1685 /* SessionView.swift */; };
		2550A65E25CC4FF39C7B4EEA /* FleetMobileApp.swift in Sources */ = {isa = PBXBuildFile; fileRef = 5C3AD6703146AC29A67B2DAD /* FleetMobileApp.swift */; };
		3F970686C0779DD27C3834C1 /* Views.swift in Sources */ = {isa = PBXBuildFile; fileRef = 09A0690E82130C7764087497 /* Views.swift */; };
		41E3992484038DE6A874A69C /* MobileModel.swift in Sources */ = {isa = PBXBuildFile; fileRef = 5ADE2AF5FAA3B6889CDC9970 /* MobileModel.swift */; };
		4B3BAA071F1B50A35D4BAB96 /* ModelActions.swift in Sources */ = {isa = PBXBuildFile; fileRef = 3BB28D64E206265D44338F61 /* ModelActions.swift */; };
		4BA18406B33414ACA892B72F /* ContentView.swift in Sources */ = {isa = PBXBuildFile; fileRef = A1FBC533AD3B17229A6BB166 /* ContentView.swift */; };
		5137AA2672DBAEE5F5ED8BAB /* Citadel in Frameworks */ = {isa = PBXBuildFile; productRef = 5264CE5893240A31FCCAD7BC /* Citadel */; };
		58BC2F39725CD537B361D97F /* Models.swift in Sources */ = {isa = PBXBuildFile; fileRef = 28AA695414672DE697BA6F49 /* Models.swift */; };
		5DC9786A4DDBC3D1C19D8B34 /* AppIcon.icon in Resources */ = {isa = PBXBuildFile; fileRef = 8B53524E43B6752C3CB29043 /* AppIcon.icon */; };
		77685373CB72A52A2D532901 /* Models.swift in Sources */ = {isa = PBXBuildFile; fileRef = 28AA695414672DE697BA6F49 /* Models.swift */; };
		7AF41430EE88A4658876AB8B /* SSH.swift in Sources */ = {isa = PBXBuildFile; fileRef = CF449911F45F0E24FAB0D2E1 /* SSH.swift */; };
		82E09FD38FCCC0D22B04ECBE /* HostView.swift in Sources */ = {isa = PBXBuildFile; fileRef = 1B305171705245CC710FE3FD /* HostView.swift */; };
		A61CBE0EF3FCF9520D086E85 /* OverviewViews.swift in Sources */ = {isa = PBXBuildFile; fileRef = E2224834AC6B6FAE3B0AB1E9 /* OverviewViews.swift */; };
		A6DD10F26F51E83C54FD5D4F /* Model.swift in Sources */ = {isa = PBXBuildFile; fileRef = A781C5978BD166C8C9F0E32F /* Model.swift */; };
		AF120FD009AE3FF48512C498 /* Controls.swift in Sources */ = {isa = PBXBuildFile; fileRef = 1E201DF9826FBF58F0A0C108 /* Controls.swift */; };
		B411C2B751A10284D038B55D /* Keys.swift in Sources */ = {isa = PBXBuildFile; fileRef = BE6E69435A9132E8E6545002 /* Keys.swift */; };
		B47C4046BE8F2DECFFEB3B55 /* SettingsViews.swift in Sources */ = {isa = PBXBuildFile; fileRef = C4FFAECEACC689765C45EEC2 /* SettingsViews.swift */; };
		DA2EC03227A431E614BE9CFF /* ScreenSharing.swift in Sources */ = {isa = PBXBuildFile; fileRef = 491FA8F543B21A286BB40061 /* ScreenSharing.swift */; };
		EB6E26BDFCC3E5DD599797EF /* FleetApp.swift in Sources */ = {isa = PBXBuildFile; fileRef = C329FAEED4F1EDF600180595 /* FleetApp.swift */; };
/* End PBXBuildFile section */

/* Begin PBXFileReference section */
		09A0690E82130C7764087497 /* Views.swift */ = {isa = PBXFileReference; lastKnownFileType = sourcecode.swift; path = Views.swift; sourceTree = "<group>"; };
		11577105A672148D036E55F3 /* Fleet.swift */ = {isa = PBXFileReference; lastKnownFileType = sourcecode.swift; path = Fleet.swift; sourceTree = "<group>"; };
		1B305171705245CC710FE3FD /* HostView.swift */ = {isa = PBXFileReference; lastKnownFileType = sourcecode.swift; path = HostView.swift; sourceTree = "<group>"; };
		1E201DF9826FBF58F0A0C108 /* Controls.swift */ = {isa = PBXFileReference; lastKnownFileType = sourcecode.swift; path = Controls.swift; sourceTree = "<group>"; };
		28AA695414672DE697BA6F49 /* Models.swift */ = {isa = PBXFileReference; lastKnownFileType = sourcecode.swift; path = Models.swift; sourceTree = "<group>"; };
		3BB28D64E206265D44338F61 /* ModelActions.swift */ = {isa = PBXFileReference; lastKnownFileType = sourcecode.swift; path = ModelActions.swift; sourceTree = "<group>"; };
		4037D28DBBC954D604FA1685 /* SessionView.swift */ = {isa = PBXFileReference; lastKnownFileType = sourcecode.swift; path = SessionView.swift; sourceTree = "<group>"; };
		491FA8F543B21A286BB40061 /* ScreenSharing.swift */ = {isa = PBXFileReference; lastKnownFileType = sourcecode.swift; path = ScreenSharing.swift; sourceTree = "<group>"; };
		5ADE2AF5FAA3B6889CDC9970 /* MobileModel.swift */ = {isa = PBXFileReference; lastKnownFileType = sourcecode.swift; path = MobileModel.swift; sourceTree = "<group>"; };
		5C3AD6703146AC29A67B2DAD /* FleetMobileApp.swift */ = {isa = PBXFileReference; lastKnownFileType = sourcecode.swift; path = FleetMobileApp.swift; sourceTree = "<group>"; };
		8B53524E43B6752C3CB29043 /* AppIcon.icon */ = {isa = PBXFileReference; path = AppIcon.icon; sourceTree = "<group>"; };
		A1FBC533AD3B17229A6BB166 /* ContentView.swift */ = {isa = PBXFileReference; lastKnownFileType = sourcecode.swift; path = ContentView.swift; sourceTree = "<group>"; };
		A5876EFC52B99BEE94B76837 /* Info.plist */ = {isa = PBXFileReference; lastKnownFileType = text.plist; path = Info.plist; sourceTree = "<group>"; };
		A781C5978BD166C8C9F0E32F /* Model.swift */ = {isa = PBXFileReference; lastKnownFileType = sourcecode.swift; path = Model.swift; sourceTree = "<group>"; };
		BB851BD8F45E2DDBD2D07009 /* Fleet.app */ = {isa = PBXFileReference; explicitFileType = wrapper.application; includeInIndex = 0; path = Fleet.app; sourceTree = BUILT_PRODUCTS_DIR; };
		BE6E69435A9132E8E6545002 /* Keys.swift */ = {isa = PBXFileReference; lastKnownFileType = sourcecode.swift; path = Keys.swift; sourceTree = "<group>"; };
		C329FAEED4F1EDF600180595 /* FleetApp.swift */ = {isa = PBXFileReference; lastKnownFileType = sourcecode.swift; path = FleetApp.swift; sourceTree = "<group>"; };
		C4FFAECEACC689765C45EEC2 /* SettingsViews.swift */ = {isa = PBXFileReference; lastKnownFileType = sourcecode.swift; path = SettingsViews.swift; sourceTree = "<group>"; };
		CDF72A9CE2101390D23744CD /* Fleet.entitlements */ = {isa = PBXFileReference; lastKnownFileType = text.plist.entitlements; path = Fleet.entitlements; sourceTree = "<group>"; };
		CF449911F45F0E24FAB0D2E1 /* SSH.swift */ = {isa = PBXFileReference; lastKnownFileType = sourcecode.swift; path = SSH.swift; sourceTree = "<group>"; };
		D17B4E2190C21CCE2552B8BE /* FleetMobile.app */ = {isa = PBXFileReference; includeInIndex = 0; lastKnownFileType = wrapper.application; path = FleetMobile.app; sourceTree = BUILT_PRODUCTS_DIR; };
		E2224834AC6B6FAE3B0AB1E9 /* OverviewViews.swift */ = {isa = PBXFileReference; lastKnownFileType = sourcecode.swift; path = OverviewViews.swift; sourceTree = "<group>"; };
		F87C6571AAA43C54E273AD9E /* Info.plist */ = {isa = PBXFileReference; lastKnownFileType = text.plist; path = Info.plist; sourceTree = "<group>"; };
/* End PBXFileReference section */

/* Begin PBXFrameworksBuildPhase section */
		842CA8C07FAF46D469476555 /* Frameworks */ = {
			isa = PBXFrameworksBuildPhase;
			buildActionMask = 2147483647;
			files = (
				5137AA2672DBAEE5F5ED8BAB /* Citadel in Frameworks */,
			);
			runOnlyForDeploymentPostprocessing = 0;
		};
/* End PBXFrameworksBuildPhase section */

/* Begin PBXGroup section */
		194C210FCEC02863C919EA40 = {
			isa = PBXGroup;
			children = (
				A6F761F329465DA98D406499 /* Fleet */,
				A4F65EAB4B5483962BDF093D /* FleetMobile */,
				5AE67C17A6351DD70FF940CC /* Shared */,
				8044FD8A076FDFA8E073FDF1 /* Products */,
			);
			sourceTree = "<group>";
		};
		5AE67C17A6351DD70FF940CC /* Shared */ = {
			isa = PBXGroup;
			children = (
				28AA695414672DE697BA6F49 /* Models.swift */,
			);
			path = Shared;
			sourceTree = "<group>";
		};
		8044FD8A076FDFA8E073FDF1 /* Products */ = {
			isa = PBXGroup;
			children = (
				BB851BD8F45E2DDBD2D07009 /* Fleet.app */,
				D17B4E2190C21CCE2552B8BE /* FleetMobile.app */,
			);
			name = Products;
			sourceTree = "<group>";
		};
		A4F65EAB4B5483962BDF093D /* FleetMobile */ = {
			isa = PBXGroup;
			children = (
				5C3AD6703146AC29A67B2DAD /* FleetMobileApp.swift */,
				A5876EFC52B99BEE94B76837 /* Info.plist */,
				BE6E69435A9132E8E6545002 /* Keys.swift */,
				5ADE2AF5FAA3B6889CDC9970 /* MobileModel.swift */,
				CF449911F45F0E24FAB0D2E1 /* SSH.swift */,
				09A0690E82130C7764087497 /* Views.swift */,
			);
			path = FleetMobile;
			sourceTree = "<group>";
		};
		A6F761F329465DA98D406499 /* Fleet */ = {
			isa = PBXGroup;
			children = (
				8B53524E43B6752C3CB29043 /* AppIcon.icon */,
				A1FBC533AD3B17229A6BB166 /* ContentView.swift */,
				1E201DF9826FBF58F0A0C108 /* Controls.swift */,
				CDF72A9CE2101390D23744CD /* Fleet.entitlements */,
				11577105A672148D036E55F3 /* Fleet.swift */,
				C329FAEED4F1EDF600180595 /* FleetApp.swift */,
				1B305171705245CC710FE3FD /* HostView.swift */,
				F87C6571AAA43C54E273AD9E /* Info.plist */,
				A781C5978BD166C8C9F0E32F /* Model.swift */,
				3BB28D64E206265D44338F61 /* ModelActions.swift */,
				E2224834AC6B6FAE3B0AB1E9 /* OverviewViews.swift */,
				491FA8F543B21A286BB40061 /* ScreenSharing.swift */,
				4037D28DBBC954D604FA1685 /* SessionView.swift */,
				C4FFAECEACC689765C45EEC2 /* SettingsViews.swift */,
			);
			path = Fleet;
			sourceTree = "<group>";
		};
/* End PBXGroup section */

/* Begin PBXNativeTarget section */
		81EC89848F375350F4F03717 /* FleetMobile */ = {
			isa = PBXNativeTarget;
			buildConfigurationList = 1B02CC70436CBC1D507B905D /* Build configuration list for PBXNativeTarget "FleetMobile" */;
			buildPhases = (
				539CF5C8CE89D096216D063C /* Sources */,
				381D7EDD72CFC563180CDF22 /* Resources */,
				842CA8C07FAF46D469476555 /* Frameworks */,
			);
			buildRules = (
			);
			dependencies = (
			);
			name = FleetMobile;
			packageProductDependencies = (
				5264CE5893240A31FCCAD7BC /* Citadel */,
			);
			productName = FleetMobile;
			productReference = D17B4E2190C21CCE2552B8BE /* FleetMobile.app */;
			productType = "com.apple.product-type.application";
		};
		E0C89610D57360EF13CA3790 /* Fleet */ = {
			isa = PBXNativeTarget;
			buildConfigurationList = 7F0E2A40F7ABB4D5E342F2E4 /* Build configuration list for PBXNativeTarget "Fleet" */;
			buildPhases = (
				02F6739AE6E90CD190343DC1 /* Sources */,
				293D581E490F18A26494A504 /* Resources */,
			);
			buildRules = (
			);
			dependencies = (
			);
			name = Fleet;
			packageProductDependencies = (
			);
			productName = Fleet;
			productReference = BB851BD8F45E2DDBD2D07009 /* Fleet.app */;
			productType = "com.apple.product-type.application";
		};
/* End PBXNativeTarget section */

/* Begin PBXProject section */
		C24D131FE33D155E5933D884 /* Project object */ = {
			isa = PBXProject;
			attributes = {
				BuildIndependentTargetsInParallel = YES;
				LastUpgradeCheck = 1600;
				TargetAttributes = {
					81EC89848F375350F4F03717 = {
						ProvisioningStyle = Automatic;
					};
					E0C89610D57360EF13CA3790 = {
						ProvisioningStyle = Automatic;
					};
				};
			};
			buildConfigurationList = 7FFF43D6FAA7D1590A801039 /* Build configuration list for PBXProject "Fleet" */;
			compatibilityVersion = "Xcode 14.0";
			developmentRegion = en;
			hasScannedForEncodings = 0;
			knownRegions = (
				Base,
				en,
			);
			mainGroup = 194C210FCEC02863C919EA40;
			minimizedProjectReferenceProxies = 1;
			packageReferences = (
				74C850D78F93023A193346F8 /* XCRemoteSwiftPackageReference "Citadel" */,
			);
			preferredProjectObjectVersion = 77;
			projectDirPath = "";
			projectRoot = "";
			targets = (
				E0C89610D57360EF13CA3790 /* Fleet */,
				81EC89848F375350F4F03717 /* FleetMobile */,
			);
		};
/* End PBXProject section */

/* Begin PBXResourcesBuildPhase section */
		293D581E490F18A26494A504 /* Resources */ = {
			isa = PBXResourcesBuildPhase;
			buildActionMask = 2147483647;
			files = (
				5DC9786A4DDBC3D1C19D8B34 /* AppIcon.icon in Resources */,
			);
			runOnlyForDeploymentPostprocessing = 0;
		};
		381D7EDD72CFC563180CDF22 /* Resources */ = {
			isa = PBXResourcesBuildPhase;
			buildActionMask = 2147483647;
			files = (
				083027A1394959B4F6AA81BE /* AppIcon.icon in Resources */,
			);
			runOnlyForDeploymentPostprocessing = 0;
		};
/* End PBXResourcesBuildPhase section */

/* Begin PBXSourcesBuildPhase section */
		02F6739AE6E90CD190343DC1 /* Sources */ = {
			isa = PBXSourcesBuildPhase;
			buildActionMask = 2147483647;
			files = (
				4BA18406B33414ACA892B72F /* ContentView.swift in Sources */,
				AF120FD009AE3FF48512C498 /* Controls.swift in Sources */,
				2364C83C3A3702025E147576 /* Fleet.swift in Sources */,
				EB6E26BDFCC3E5DD599797EF /* FleetApp.swift in Sources */,
				82E09FD38FCCC0D22B04ECBE /* HostView.swift in Sources */,
				A6DD10F26F51E83C54FD5D4F /* Model.swift in Sources */,
				4B3BAA071F1B50A35D4BAB96 /* ModelActions.swift in Sources */,
				58BC2F39725CD537B361D97F /* Models.swift in Sources */,
				A61CBE0EF3FCF9520D086E85 /* OverviewViews.swift in Sources */,
				DA2EC03227A431E614BE9CFF /* ScreenSharing.swift in Sources */,
				24A078877D76CE9EFBF22844 /* SessionView.swift in Sources */,
				B47C4046BE8F2DECFFEB3B55 /* SettingsViews.swift in Sources */,
			);
			runOnlyForDeploymentPostprocessing = 0;
		};
		539CF5C8CE89D096216D063C /* Sources */ = {
			isa = PBXSourcesBuildPhase;
			buildActionMask = 2147483647;
			files = (
				2550A65E25CC4FF39C7B4EEA /* FleetMobileApp.swift in Sources */,
				B411C2B751A10284D038B55D /* Keys.swift in Sources */,
				41E3992484038DE6A874A69C /* MobileModel.swift in Sources */,
				77685373CB72A52A2D532901 /* Models.swift in Sources */,
				7AF41430EE88A4658876AB8B /* SSH.swift in Sources */,
				3F970686C0779DD27C3834C1 /* Views.swift in Sources */,
			);
			runOnlyForDeploymentPostprocessing = 0;
		};
/* End PBXSourcesBuildPhase section */

/* Begin XCBuildConfiguration section */
		13EE847BF7FE378A50751B3C /* Release */ = {
			isa = XCBuildConfiguration;
			buildSettings = {
				ASSETCATALOG_COMPILER_APPICON_NAME = AppIcon;
				CODE_SIGN_IDENTITY = "iPhone Developer";
				INFOPLIST_FILE = FleetMobile/Info.plist;
				IPHONEOS_DEPLOYMENT_TARGET = 17.0;
				LD_RUNPATH_SEARCH_PATHS = (
					"$(inherited)",
					"@executable_path/Frameworks",
				);
				PRODUCT_BUNDLE_IDENTIFIER = com.crunchybagel.fleet.mobile;
				PRODUCT_NAME = Fleet;
				SDKROOT = iphoneos;
				SWIFT_STRICT_CONCURRENCY = minimal;
				TARGETED_DEVICE_FAMILY = 1;
			};
			name = Release;
		};
		60CE58190BA4B27CECEE5D98 /* Release */ = {
			isa = XCBuildConfiguration;
			buildSettings = {
				ALWAYS_SEARCH_USER_PATHS = NO;
				CLANG_ANALYZER_NONNULL = YES;
				CLANG_ANALYZER_NUMBER_OBJECT_CONVERSION = YES_AGGRESSIVE;
				CLANG_CXX_LANGUAGE_STANDARD = "gnu++14";
				CLANG_CXX_LIBRARY = "libc++";
				CLANG_ENABLE_MODULES = YES;
				CLANG_ENABLE_OBJC_ARC = YES;
				CLANG_ENABLE_OBJC_WEAK = YES;
				CLANG_WARN_BLOCK_CAPTURE_AUTORELEASING = YES;
				CLANG_WARN_BOOL_CONVERSION = YES;
				CLANG_WARN_COMMA = YES;
				CLANG_WARN_CONSTANT_CONVERSION = YES;
				CLANG_WARN_DEPRECATED_OBJC_IMPLEMENTATIONS = YES;
				CLANG_WARN_DIRECT_OBJC_ISA_USAGE = YES_ERROR;
				CLANG_WARN_DOCUMENTATION_COMMENTS = YES;
				CLANG_WARN_EMPTY_BODY = YES;
				CLANG_WARN_ENUM_CONVERSION = YES;
				CLANG_WARN_INFINITE_RECURSION = YES;
				CLANG_WARN_INT_CONVERSION = YES;
				CLANG_WARN_NON_LITERAL_NULL_CONVERSION = YES;
				CLANG_WARN_OBJC_IMPLICIT_RETAIN_SELF = YES;
				CLANG_WARN_OBJC_LITERAL_CONVERSION = YES;
				CLANG_WARN_OBJC_ROOT_CLASS = YES_ERROR;
				CLANG_WARN_QUOTED_INCLUDE_IN_FRAMEWORK_HEADER = YES;
				CLANG_WARN_RANGE_LOOP_ANALYSIS = YES;
				CLANG_WARN_STRICT_PROTOTYPES = YES;
				CLANG_WARN_SUSPICIOUS_MOVE = YES;
				CLANG_WARN_UNGUARDED_AVAILABILITY = YES_AGGRESSIVE;
				CLANG_WARN_UNREACHABLE_CODE = YES;
				CLANG_WARN__DUPLICATE_METHOD_MATCH = YES;
				CODE_SIGN_STYLE = Automatic;
				COPY_PHASE_STRIP = NO;
				DEBUG_INFORMATION_FORMAT = "dwarf-with-dsym";
				ENABLE_HARDENED_RUNTIME = YES;
				ENABLE_NS_ASSERTIONS = NO;
				ENABLE_STRICT_OBJC_MSGSEND = YES;
				GCC_C_LANGUAGE_STANDARD = gnu11;
				GCC_NO_COMMON_BLOCKS = YES;
				GCC_WARN_64_TO_32_BIT_CONVERSION = YES;
				GCC_WARN_ABOUT_RETURN_TYPE = YES_ERROR;
				GCC_WARN_UNDECLARED_SELECTOR = YES;
				GCC_WARN_UNINITIALIZED_AUTOS = YES_AGGRESSIVE;
				GCC_WARN_UNUSED_FUNCTION = YES;
				GCC_WARN_UNUSED_VARIABLE = YES;
				MACOSX_DEPLOYMENT_TARGET = 14.0;
				MTL_ENABLE_DEBUG_INFO = NO;
				MTL_FAST_MATH = YES;
				PRODUCT_NAME = "$(TARGET_NAME)";
				SWIFT_COMPILATION_MODE = wholemodule;
				SWIFT_OPTIMIZATION_LEVEL = "-O";
				SWIFT_VERSION = 5.9;
			};
			name = Release;
		};
		87A911B99346194778A04797 /* Debug */ = {
			isa = XCBuildConfiguration;
			buildSettings = {
				ALWAYS_SEARCH_USER_PATHS = NO;
				CLANG_ANALYZER_NONNULL = YES;
				CLANG_ANALYZER_NUMBER_OBJECT_CONVERSION = YES_AGGRESSIVE;
				CLANG_CXX_LANGUAGE_STANDARD = "gnu++14";
				CLANG_CXX_LIBRARY = "libc++";
				CLANG_ENABLE_MODULES = YES;
				CLANG_ENABLE_OBJC_ARC = YES;
				CLANG_ENABLE_OBJC_WEAK = YES;
				CLANG_WARN_BLOCK_CAPTURE_AUTORELEASING = YES;
				CLANG_WARN_BOOL_CONVERSION = YES;
				CLANG_WARN_COMMA = YES;
				CLANG_WARN_CONSTANT_CONVERSION = YES;
				CLANG_WARN_DEPRECATED_OBJC_IMPLEMENTATIONS = YES;
				CLANG_WARN_DIRECT_OBJC_ISA_USAGE = YES_ERROR;
				CLANG_WARN_DOCUMENTATION_COMMENTS = YES;
				CLANG_WARN_EMPTY_BODY = YES;
				CLANG_WARN_ENUM_CONVERSION = YES;
				CLANG_WARN_INFINITE_RECURSION = YES;
				CLANG_WARN_INT_CONVERSION = YES;
				CLANG_WARN_NON_LITERAL_NULL_CONVERSION = YES;
				CLANG_WARN_OBJC_IMPLICIT_RETAIN_SELF = YES;
				CLANG_WARN_OBJC_LITERAL_CONVERSION = YES;
				CLANG_WARN_OBJC_ROOT_CLASS = YES_ERROR;
				CLANG_WARN_QUOTED_INCLUDE_IN_FRAMEWORK_HEADER = YES;
				CLANG_WARN_RANGE_LOOP_ANALYSIS = YES;
				CLANG_WARN_STRICT_PROTOTYPES = YES;
				CLANG_WARN_SUSPICIOUS_MOVE = YES;
				CLANG_WARN_UNGUARDED_AVAILABILITY = YES_AGGRESSIVE;
				CLANG_WARN_UNREACHABLE_CODE = YES;
				CLANG_WARN__DUPLICATE_METHOD_MATCH = YES;
				CODE_SIGN_STYLE = Automatic;
				COPY_PHASE_STRIP = NO;
				DEBUG_INFORMATION_FORMAT = dwarf;
				ENABLE_HARDENED_RUNTIME = YES;
				ENABLE_STRICT_OBJC_MSGSEND = YES;
				ENABLE_TESTABILITY = YES;
				GCC_C_LANGUAGE_STANDARD = gnu11;
				GCC_DYNAMIC_NO_PIC = NO;
				GCC_NO_COMMON_BLOCKS = YES;
				GCC_OPTIMIZATION_LEVEL = 0;
				GCC_PREPROCESSOR_DEFINITIONS = (
					"$(inherited)",
					"DEBUG=1",
				);
				GCC_WARN_64_TO_32_BIT_CONVERSION = YES;
				GCC_WARN_ABOUT_RETURN_TYPE = YES_ERROR;
				GCC_WARN_UNDECLARED_SELECTOR = YES;
				GCC_WARN_UNINITIALIZED_AUTOS = YES_AGGRESSIVE;
				GCC_WARN_UNUSED_FUNCTION = YES;
				GCC_WARN_UNUSED_VARIABLE = YES;
				MACOSX_DEPLOYMENT_TARGET = 14.0;
				MTL_ENABLE_DEBUG_INFO = INCLUDE_SOURCE;
				MTL_FAST_MATH = YES;
				ONLY_ACTIVE_ARCH = YES;
				PRODUCT_NAME = "$(TARGET_NAME)";
				SWIFT_ACTIVE_COMPILATION_CONDITIONS = DEBUG;
				SWIFT_OPTIMIZATION_LEVEL = "-Onone";
				SWIFT_VERSION = 5.9;
			};
			name = Debug;
		};
		C914FC43CBFC8DC5661C8A0E /* Debug */ = {
			isa = XCBuildConfiguration;
			buildSettings = {
				ASSETCATALOG_COMPILER_APPICON_NAME = AppIcon;
				CODE_SIGN_IDENTITY = "iPhone Developer";
				INFOPLIST_FILE = FleetMobile/Info.plist;
				IPHONEOS_DEPLOYMENT_TARGET = 17.0;
				LD_RUNPATH_SEARCH_PATHS = (
					"$(inherited)",
					"@executable_path/Frameworks",
				);
				PRODUCT_BUNDLE_IDENTIFIER = com.crunchybagel.fleet.mobile;
				PRODUCT_NAME = Fleet;
				SDKROOT = iphoneos;
				SWIFT_STRICT_CONCURRENCY = minimal;
				TARGETED_DEVICE_FAMILY = 1;
			};
			name = Debug;
		};
		EDBEFF28BD074F038DDC15B0 /* Debug */ = {
			isa = XCBuildConfiguration;
			buildSettings = {
				ASSETCATALOG_COMPILER_APPICON_NAME = AppIcon;
				CODE_SIGN_ENTITLEMENTS = Fleet/Fleet.entitlements;
				COMBINE_HIDPI_IMAGES = YES;
				GENERATE_INFOPLIST_FILE = NO;
				INFOPLIST_FILE = Fleet/Info.plist;
				LD_RUNPATH_SEARCH_PATHS = (
					"$(inherited)",
					"@executable_path/../Frameworks",
				);
				PRODUCT_BUNDLE_IDENTIFIER = com.crunchybagel.fleet;
				PRODUCT_NAME = Fleet;
				SDKROOT = macosx;
			};
			name = Debug;
		};
		F6E0A9872EA2E7961BF252ED /* Release */ = {
			isa = XCBuildConfiguration;
			buildSettings = {
				ASSETCATALOG_COMPILER_APPICON_NAME = AppIcon;
				CODE_SIGN_ENTITLEMENTS = Fleet/Fleet.entitlements;
				COMBINE_HIDPI_IMAGES = YES;
				GENERATE_INFOPLIST_FILE = NO;
				INFOPLIST_FILE = Fleet/Info.plist;
				LD_RUNPATH_SEARCH_PATHS = (
					"$(inherited)",
					"@executable_path/../Frameworks",
				);
				PRODUCT_BUNDLE_IDENTIFIER = com.crunchybagel.fleet;
				PRODUCT_NAME = Fleet;
				SDKROOT = macosx;
			};
			name = Release;
		};
/* End XCBuildConfiguration section */

/* Begin XCConfigurationList section */
		1B02CC70436CBC1D507B905D /* Build configuration list for PBXNativeTarget "FleetMobile" */ = {
			isa = XCConfigurationList;
			buildConfigurations = (
				C914FC43CBFC8DC5661C8A0E /* Debug */,
				13EE847BF7FE378A50751B3C /* Release */,
			);
			defaultConfigurationIsVisible = 0;
			defaultConfigurationName = Debug;
		};
		7F0E2A40F7ABB4D5E342F2E4 /* Build configuration list for PBXNativeTarget "Fleet" */ = {
			isa = XCConfigurationList;
			buildConfigurations = (
				EDBEFF28BD074F038DDC15B0 /* Debug */,
				F6E0A9872EA2E7961BF252ED /* Release */,
			);
			defaultConfigurationIsVisible = 0;
			defaultConfigurationName = Debug;
		};
		7FFF43D6FAA7D1590A801039 /* Build configuration list for PBXProject "Fleet" */ = {
			isa = XCConfigurationList;
			buildConfigurations = (
				87A911B99346194778A04797 /* Debug */,
				60CE58190BA4B27CECEE5D98 /* Release */,
			);
			defaultConfigurationIsVisible = 0;
			defaultConfigurationName = Debug;
		};
/* End XCConfigurationList section */

/* Begin XCRemoteSwiftPackageReference section */
		74C850D78F93023A193346F8 /* XCRemoteSwiftPackageReference "Citadel" */ = {
			isa = XCRemoteSwiftPackageReference;
			repositoryURL = "https://github.com/orlandos-nl/Citadel";
			requirement = {
				kind = upToNextMajorVersion;
				minimumVersion = 0.12.1;
			};
		};
/* End XCRemoteSwiftPackageReference section */

/* Begin XCSwiftPackageProductDependency section */
		5264CE5893240A31FCCAD7BC /* Citadel */ = {
			isa = XCSwiftPackageProductDependency;
			package = 74C850D78F93023A193346F8 /* XCRemoteSwiftPackageReference "Citadel" */;
			productName = Citadel;
		};
/* End XCSwiftPackageProductDependency section */
	};
	rootObject = C24D131FE33D155E5933D884 /* Project object */;
}
